PODS:
  - InstalogIOS (1.0.0):
    - PLCrashReporter (= 1.11.2)
  - PLCrashReporter (1.11.2)

DEPENDENCIES:
  - InstalogIOS (from `../`)

SPEC REPOS:
  trunk:
    - PLCrashReporter

EXTERNAL SOURCES:
  InstalogIOS:
    :path: "../"

SPEC CHECKSUMS:
  InstalogIOS: 64fd96825aca305fa4f604c5e5d8939001d769c2
  PLCrashReporter: 499c53b0104f95c302d94fd723ebb03c56d9bac8

PODFILE CHECKSUM: 1c3754ac2588587508ae02082c7fb6fd8d4a434b

COCOAPODS: 1.16.2
